
Microsoft Visual Studio Solution File, Format Version 12.00
# Visual Studio Version 17
VisualStudioVersion = 17.8.34511.84
MinimumVisualStudioVersion = 10.0.40219.1
Project("{FAE04EC0-301F-11D3-BF4B-00C04F79EFBC}") = "3.Variables", "3.Variables.csproj", "{AD19B518-48F8-4F46-8C11-0321A159EF36}"
EndProject
Global
	GlobalSection(SolutionConfigurationPlatforms) = preSolution
		Debug|Any CPU = Debug|Any CPU
		Release|Any CPU = Release|Any CPU
	EndGlobalSection
	GlobalSection(ProjectConfigurationPlatforms) = postSolution
		{AD19B518-48F8-4F46-8C11-0321A159EF36}.Debug|Any CPU.ActiveCfg = Debug|Any CPU
		{AD19B518-48F8-4F46-8C11-0321A159EF36}.Debug|Any CPU.Build.0 = Debug|Any CPU
		{AD19B518-48F8-4F46-8C11-0321A159EF36}.Release|Any CPU.ActiveCfg = Release|Any CPU
		{AD19B518-48F8-4F46-8C11-0321A159EF36}.Release|Any CPU.Build.0 = Release|Any CPU
	EndGlobalSection
	GlobalSection(SolutionProperties) = preSolution
		HideSolutionNode = FALSE
	EndGlobalSection
	GlobalSection(ExtensibilityGlobals) = postSolution
		SolutionGuid = {BAFDB75E-7539-413C-A43E-F8DB1BE11E59}
	EndGlobalSection
EndGlobal
